
Microsoft Visual Studio Solution File, Format Version 12.00
# Visual Studio Version 16
VisualStudioVersion = 16.0.30611.23
MinimumVisualStudioVersion = 10.0.40219.1
Project("{9092AA53-FB77-4645-B42D-1CCCA6BD08BD}") = "Nodejs", "Nodejs.njsproj", "{B8B40E47-79EE-44EB-9B49-84FA47153108}"
EndProject
Global
	GlobalSection(SolutionConfigurationPlatforms) = preSolution
		Debug|Any CPU = Debug|Any CPU
		Release|Any CPU = Release|Any CPU
	EndGlobalSection
	GlobalSection(ProjectConfigurationPlatforms) = postSolution
		{B8B40E47-79EE-44EB-9B49-84FA47153108}.Debug|Any CPU.ActiveCfg = Debug|Any CPU
		{B8B40E47-79EE-44EB-9B49-84FA47153108}.Debug|Any CPU.Build.0 = Debug|Any CPU
		{B8B40E47-79EE-44EB-9B49-84FA47153108}.Release|Any CPU.ActiveCfg = Release|Any CPU
		{B8B40E47-79EE-44EB-9B49-84FA47153108}.Release|Any CPU.Build.0 = Release|Any CPU
	EndGlobalSection
	GlobalSection(SolutionProperties) = preSolution
		HideSolutionNode = FALSE
	EndGlobalSection
	GlobalSection(ExtensibilityGlobals) = postSolution
		SolutionGuid = {BEC8F19D-A67C-4006-AC13-1282CBE2BFD8}
	EndGlobalSection
EndGlobal
